// !$*UTF8*$!
{
	archiveVersion = 1;
	classes = {
	};
	objectVersion = 50;
	objects = {

/* Begin PBXBuildFile section */
		0904E3C52217768D00B4066E /* AppDelegate.swift in Sources */ = {isa = PBXBuildFile; fileRef = 0904E3C42217768D00B4066E /* AppDelegate.swift */; };
		0904E3C72217768D00B4066E /* SearchViewController.swift in Sources */ = {isa = PBXBuildFile; fileRef = 0904E3C62217768D00B4066E /* SearchViewController.swift */; };
		0904E3CA2217768D00B4066E /* Main.storyboard in Resources */ = {isa = PBXBuildFile; fileRef = 0904E3C82217768D00B4066E /* Main.storyboard */; };
		0904E3CC2217768E00B4066E /* Assets.xcassets in Resources */ = {isa = PBXBuildFile; fileRef = 0904E3CB2217768E00B4066E /* Assets.xcassets */; };
		0904E3CF2217768E00B4066E /* LaunchScreen.storyboard in Resources */ = {isa = PBXBuildFile; fileRef = 0904E3CD2217768E00B4066E /* LaunchScreen.storyboard */; };
		0904E3D7221777DF00B4066E /* GoogleService-Info.plist in Resources */ = {isa = PBXBuildFile; fileRef = 0904E3D6221777DF00B4066E /* GoogleService-Info.plist */; };
		093277942218CA8600C95503 /* SavedViewController.swift in Sources */ = {isa = PBXBuildFile; fileRef = 093277932218CA8600C95503 /* SavedViewController.swift */; };
		093277962218CA9300C95503 /* ProfileViewController.swift in Sources */ = {isa = PBXBuildFile; fileRef = 093277952218CA9300C95503 /* ProfileViewController.swift */; };
		093277992218CE1B00C95503 /* ActivityViewController.swift in Sources */ = {isa = PBXBuildFile; fileRef = 093277982218CE1B00C95503 /* ActivityViewController.swift */; };
		0932779C2218F33C00C95503 /* UIViewController+Alerts.swift in Sources */ = {isa = PBXBuildFile; fileRef = 0932779B2218F33C00C95503 /* UIViewController+Alerts.swift */; };
		0944D17E2221F8E200C99455 /* StorageManager.swift in Sources */ = {isa = PBXBuildFile; fileRef = 0944D17D2221F8E200C99455 /* StorageManager.swift */; };
		0944D1802221F8FD00C99455 /* StorageKeys.swift in Sources */ = {isa = PBXBuildFile; fileRef = 0944D17F2221F8FD00C99455 /* StorageKeys.swift */; };
		0944D1822221FF0000C99455 /* MainTabController.swift in Sources */ = {isa = PBXBuildFile; fileRef = 0944D1812221FF0000C99455 /* MainTabController.swift */; };
		095EAF562227043B008A3AB9 /* IBDesignableViews.swift in Sources */ = {isa = PBXBuildFile; fileRef = 095EAF552227043B008A3AB9 /* IBDesignableViews.swift */; };
		095EAF5822270DEE008A3AB9 /* NewPostController.swift in Sources */ = {isa = PBXBuildFile; fileRef = 095EAF5722270DEE008A3AB9 /* NewPostController.swift */; };
		095EAF5A222720B1008A3AB9 /* DescriptionController.swift in Sources */ = {isa = PBXBuildFile; fileRef = 095EAF59222720B1008A3AB9 /* DescriptionController.swift */; };
		095EAF5C22272583008A3AB9 /* LocationViewController.swift in Sources */ = {isa = PBXBuildFile; fileRef = 095EAF5B22272583008A3AB9 /* LocationViewController.swift */; };
		098CA1202223650800BCCFCF /* gradients.swift in Sources */ = {isa = PBXBuildFile; fileRef = 098CA11F2223650800BCCFCF /* gradients.swift */; };
		09A11ACE221A6B8200D1606B /* UIColor+Extension.swift in Sources */ = {isa = PBXBuildFile; fileRef = 09A11ACD221A6B8200D1606B /* UIColor+Extension.swift */; };
		09B073E22219C85A002947C6 /* CalendarViewController.swift in Sources */ = {isa = PBXBuildFile; fileRef = 09B073E12219C85A002947C6 /* CalendarViewController.swift */; };
		09B073E62219DDFD002947C6 /* CalendarCell.swift in Sources */ = {isa = PBXBuildFile; fileRef = 09B073E52219DDFD002947C6 /* CalendarCell.swift */; };
		09EF30F6221CA26E00DF1222 /* ProfileTableViewCell.swift in Sources */ = {isa = PBXBuildFile; fileRef = 09EF30F5221CA26E00DF1222 /* ProfileTableViewCell.swift */; };
		09EF30FE221CB6F200DF1222 /* Login.storyboard in Resources */ = {isa = PBXBuildFile; fileRef = 09EF30FD221CB6F200DF1222 /* Login.storyboard */; };
		09EF3100221CB98500DF1222 /* LoginViewController.swift in Sources */ = {isa = PBXBuildFile; fileRef = 09EF30FF221CB98500DF1222 /* LoginViewController.swift */; };
		09EF3102221CBAF700DF1222 /* LoginView.swift in Sources */ = {isa = PBXBuildFile; fileRef = 09EF3101221CBAF700DF1222 /* LoginView.swift */; };
		09EF3105221CBFD000DF1222 /* UserSession.swift in Sources */ = {isa = PBXBuildFile; fileRef = 09EF3104221CBFD000DF1222 /* UserSession.swift */; };
		09EF3107221CC00500DF1222 /* DatabaseManager.swift in Sources */ = {isa = PBXBuildFile; fileRef = 09EF3106221CC00500DF1222 /* DatabaseManager.swift */; };
		09EF3109221CC04B00DF1222 /* DatabaseKeys.swift in Sources */ = {isa = PBXBuildFile; fileRef = 09EF3108221CC04A00DF1222 /* DatabaseKeys.swift */; };
		09EF310C221CC0D100DF1222 /* UserProfile.swift in Sources */ = {isa = PBXBuildFile; fileRef = 09EF310B221CC0D100DF1222 /* UserProfile.swift */; };
		32305601C0E5C5F77188A865 /* Pods_AirbnbClone.framework in Frameworks */ = {isa = PBXBuildFile; fileRef = F7DE3FDE432537BF5C642CD2 /* Pods_AirbnbClone.framework */; };
/* End PBXBuildFile section */

/* Begin PBXFileReference section */
		0904E3C12217768D00B4066E /* AirbnbClone.app */ = {isa = PBXFileReference; explicitFileType = wrapper.application; includeInIndex = 0; path = AirbnbClone.app; sourceTree = BUILT_PRODUCTS_DIR; };
		0904E3C42217768D00B4066E /* AppDelegate.swift */ = {isa = PBXFileReference; lastKnownFileType = sourcecode.swift; path = AppDelegate.swift; sourceTree = "<group>"; };
		0904E3C62217768D00B4066E /* SearchViewController.swift */ = {isa = PBXFileReference; lastKnownFileType = sourcecode.swift; path = SearchViewController.swift; sourceTree = "<group>"; };
		0904E3C92217768D00B4066E /* Base */ = {isa = PBXFileReference; lastKnownFileType = file.storyboard; name = Base; path = Base.lproj/Main.storyboard; sourceTree = "<group>"; };
		0904E3CB2217768E00B4066E /* Assets.xcassets */ = {isa = PBXFileReference; lastKnownFileType = folder.assetcatalog; path = Assets.xcassets; sourceTree = "<group>"; };
		0904E3CE2217768E00B4066E /* Base */ = {isa = PBXFileReference; lastKnownFileType = file.storyboard; name = Base; path = Base.lproj/LaunchScreen.storyboard; sourceTree = "<group>"; };
		0904E3D02217768E00B4066E /* Info.plist */ = {isa = PBXFileReference; lastKnownFileType = text.plist.xml; path = Info.plist; sourceTree = "<group>"; };
		0904E3D6221777DF00B4066E /* GoogleService-Info.plist */ = {isa = PBXFileReference; fileEncoding = 4; lastKnownFileType = text.plist.xml; path = "GoogleService-Info.plist"; sourceTree = SOURCE_ROOT; };
		093277932218CA8600C95503 /* SavedViewController.swift */ = {isa = PBXFileReference; lastKnownFileType = sourcecode.swift; path = SavedViewController.swift; sourceTree = "<group>"; };
		093277952218CA9300C95503 /* ProfileViewController.swift */ = {isa = PBXFileReference; lastKnownFileType = sourcecode.swift; path = ProfileViewController.swift; sourceTree = "<group>"; };
		093277982218CE1B00C95503 /* ActivityViewController.swift */ = {isa = PBXFileReference; lastKnownFileType = sourcecode.swift; path = ActivityViewController.swift; sourceTree = "<group>"; };
		0932779B2218F33C00C95503 /* UIViewController+Alerts.swift */ = {isa = PBXFileReference; fileEncoding = 4; lastKnownFileType = sourcecode.swift; path = "UIViewController+Alerts.swift"; sourceTree = "<group>"; };
		0944D17D2221F8E200C99455 /* StorageManager.swift */ = {isa = PBXFileReference; fileEncoding = 4; lastKnownFileType = sourcecode.swift; path = StorageManager.swift; sourceTree = "<group>"; };
		0944D17F2221F8FD00C99455 /* StorageKeys.swift */ = {isa = PBXFileReference; fileEncoding = 4; lastKnownFileType = sourcecode.swift; path = StorageKeys.swift; sourceTree = "<group>"; };
		0944D1812221FF0000C99455 /* MainTabController.swift */ = {isa = PBXFileReference; lastKnownFileType = sourcecode.swift; path = MainTabController.swift; sourceTree = "<group>"; };
		095EAF552227043B008A3AB9 /* IBDesignableViews.swift */ = {isa = PBXFileReference; fileEncoding = 4; lastKnownFileType = sourcecode.swift; path = IBDesignableViews.swift; sourceTree = "<group>"; };
		095EAF5722270DEE008A3AB9 /* NewPostController.swift */ = {isa = PBXFileReference; lastKnownFileType = sourcecode.swift; path = NewPostController.swift; sourceTree = "<group>"; };
		095EAF59222720B1008A3AB9 /* DescriptionController.swift */ = {isa = PBXFileReference; lastKnownFileType = sourcecode.swift; path = DescriptionController.swift; sourceTree = "<group>"; };
		095EAF5B22272583008A3AB9 /* LocationViewController.swift */ = {isa = PBXFileReference; lastKnownFileType = sourcecode.swift; path = LocationViewController.swift; sourceTree = "<group>"; };
		098CA11F2223650800BCCFCF /* gradients.swift */ = {isa = PBXFileReference; lastKnownFileType = sourcecode.swift; path = gradients.swift; sourceTree = "<group>"; };
		09A11ACD221A6B8200D1606B /* UIColor+Extension.swift */ = {isa = PBXFileReference; lastKnownFileType = sourcecode.swift; path = "UIColor+Extension.swift"; sourceTree = "<group>"; };
		09B073E12219C85A002947C6 /* CalendarViewController.swift */ = {isa = PBXFileReference; lastKnownFileType = sourcecode.swift; path = CalendarViewController.swift; sourceTree = "<group>"; };
		09B073E52219DDFD002947C6 /* CalendarCell.swift */ = {isa = PBXFileReference; lastKnownFileType = sourcecode.swift; path = CalendarCell.swift; sourceTree = "<group>"; };
		09EF30F5221CA26E00DF1222 /* ProfileTableViewCell.swift */ = {isa = PBXFileReference; lastKnownFileType = sourcecode.swift; path = ProfileTableViewCell.swift; sourceTree = "<group>"; };
		09EF30FD221CB6F200DF1222 /* Login.storyboard */ = {isa = PBXFileReference; lastKnownFileType = file.storyboard; path = Login.storyboard; sourceTree = "<group>"; };
		09EF30FF221CB98500DF1222 /* LoginViewController.swift */ = {isa = PBXFileReference; lastKnownFileType = sourcecode.swift; path = LoginViewController.swift; sourceTree = "<group>"; };
		09EF3101221CBAF700DF1222 /* LoginView.swift */ = {isa = PBXFileReference; lastKnownFileType = sourcecode.swift; path = LoginView.swift; sourceTree = "<group>"; };
		09EF3104221CBFD000DF1222 /* UserSession.swift */ = {isa = PBXFileReference; fileEncoding = 4; lastKnownFileType = sourcecode.swift; path = UserSession.swift; sourceTree = "<group>"; };
		09EF3106221CC00500DF1222 /* DatabaseManager.swift */ = {isa = PBXFileReference; fileEncoding = 4; lastKnownFileType = sourcecode.swift; path = DatabaseManager.swift; sourceTree = "<group>"; };
		09EF3108221CC04A00DF1222 /* DatabaseKeys.swift */ = {isa = PBXFileReference; fileEncoding = 4; lastKnownFileType = sourcecode.swift; path = DatabaseKeys.swift; sourceTree = "<group>"; };
		09EF310B221CC0D100DF1222 /* UserProfile.swift */ = {isa = PBXFileReference; fileEncoding = 4; lastKnownFileType = sourcecode.swift; path = UserProfile.swift; sourceTree = "<group>"; };
		0B5D868780AB656433F7272A /* Pods-AirbnbClone.release.xcconfig */ = {isa = PBXFileReference; includeInIndex = 1; lastKnownFileType = text.xcconfig; name = "Pods-AirbnbClone.release.xcconfig"; path = "Target Support Files/Pods-AirbnbClone/Pods-AirbnbClone.release.xcconfig"; sourceTree = "<group>"; };
		E1A69BC771D53E3CF8C286EB /* Pods-AirbnbClone.debug.xcconfig */ = {isa = PBXFileReference; includeInIndex = 1; lastKnownFileType = text.xcconfig; name = "Pods-AirbnbClone.debug.xcconfig"; path = "Target Support Files/Pods-AirbnbClone/Pods-AirbnbClone.debug.xcconfig"; sourceTree = "<group>"; };
		F7DE3FDE432537BF5C642CD2 /* Pods_AirbnbClone.framework */ = {isa = PBXFileReference; explicitFileType = wrapper.framework; includeInIndex = 0; path = Pods_AirbnbClone.framework; sourceTree = BUILT_PRODUCTS_DIR; };
/* End PBXFileReference section */

/* Begin PBXFrameworksBuildPhase section */
		0904E3BE2217768D00B4066E /* Frameworks */ = {
			isa = PBXFrameworksBuildPhase;
			buildActionMask = 2147483647;
			files = (
				32305601C0E5C5F77188A865 /* Pods_AirbnbClone.framework in Frameworks */,
			);
			runOnlyForDeploymentPostprocessing = 0;
		};
/* End PBXFrameworksBuildPhase section */

/* Begin PBXGroup section */
		0904E3B82217768D00B4066E = {
			isa = PBXGroup;
			children = (
				0904E3C32217768D00B4066E /* AirbnbClone */,
				0904E3C22217768D00B4066E /* Products */,
				223F4D49F24E9786B8901A33 /* Pods */,
				CB580248D9AE12154100F734 /* Frameworks */,
			);
			sourceTree = "<group>";
		};
		0904E3C22217768D00B4066E /* Products */ = {
			isa = PBXGroup;
			children = (
				0904E3C12217768D00B4066E /* AirbnbClone.app */,
			);
			name = Products;
			sourceTree = "<group>";
		};
		0904E3C32217768D00B4066E /* AirbnbClone */ = {
			isa = PBXGroup;
			children = (
				09EF310A221CC0AB00DF1222 /* Models */,
				09EF3103221CBFB600DF1222 /* Firebase Utilities */,
				0932779A2218F2CC00C95503 /* extensions */,
				093277972218CAA100C95503 /* Cells */,
				093277922218C2F500C95503 /* Views */,
				093277912218C2EC00C95503 /* Controllers */,
				093277902218C2C800C95503 /* Supporting files */,
				0904E3C82217768D00B4066E /* Main.storyboard */,
				09EF30FD221CB6F200DF1222 /* Login.storyboard */,
				0904E3D02217768E00B4066E /* Info.plist */,
				0904E3D6221777DF00B4066E /* GoogleService-Info.plist */,
			);
			path = AirbnbClone;
			sourceTree = "<group>";
		};
		093277902218C2C800C95503 /* Supporting files */ = {
			isa = PBXGroup;
			children = (
				0904E3C42217768D00B4066E /* AppDelegate.swift */,
				0904E3CB2217768E00B4066E /* Assets.xcassets */,
				0904E3CD2217768E00B4066E /* LaunchScreen.storyboard */,
			);
			path = "Supporting files";
			sourceTree = "<group>";
		};
		093277912218C2EC00C95503 /* Controllers */ = {
			isa = PBXGroup;
			children = (
				0904E3C62217768D00B4066E /* SearchViewController.swift */,
				093277932218CA8600C95503 /* SavedViewController.swift */,
				093277952218CA9300C95503 /* ProfileViewController.swift */,
				093277982218CE1B00C95503 /* ActivityViewController.swift */,
				09B073E12219C85A002947C6 /* CalendarViewController.swift */,
				09EF30FF221CB98500DF1222 /* LoginViewController.swift */,
				0944D1812221FF0000C99455 /* MainTabController.swift */,
				095EAF5722270DEE008A3AB9 /* NewPostController.swift */,
				095EAF5B22272583008A3AB9 /* LocationViewController.swift */,
				095EAF59222720B1008A3AB9 /* DescriptionController.swift */,
			);
			path = Controllers;
			sourceTree = "<group>";
		};
		093277922218C2F500C95503 /* Views */ = {
			isa = PBXGroup;
			children = (
				09EF3101221CBAF700DF1222 /* LoginView.swift */,
				095EAF552227043B008A3AB9 /* IBDesignableViews.swift */,
			);
			path = Views;
			sourceTree = "<group>";
		};
		093277972218CAA100C95503 /* Cells */ = {
			isa = PBXGroup;
			children = (
				09B073E52219DDFD002947C6 /* CalendarCell.swift */,
				09EF30F5221CA26E00DF1222 /* ProfileTableViewCell.swift */,
			);
			path = Cells;
			sourceTree = "<group>";
		};
		0932779A2218F2CC00C95503 /* extensions */ = {
			isa = PBXGroup;
			children = (
				0932779B2218F33C00C95503 /* UIViewController+Alerts.swift */,
				09A11ACD221A6B8200D1606B /* UIColor+Extension.swift */,
				098CA11F2223650800BCCFCF /* gradients.swift */,
			);
			path = extensions;
			sourceTree = "<group>";
		};
		09EF3103221CBFB600DF1222 /* Firebase Utilities */ = {
			isa = PBXGroup;
			children = (
				09EF3104221CBFD000DF1222 /* UserSession.swift */,
				09EF3106221CC00500DF1222 /* DatabaseManager.swift */,
				0944D17D2221F8E200C99455 /* StorageManager.swift */,
				0944D17F2221F8FD00C99455 /* StorageKeys.swift */,
				09EF3108221CC04A00DF1222 /* DatabaseKeys.swift */,
			);
			path = "Firebase Utilities";
			sourceTree = "<group>";
		};
		09EF310A221CC0AB00DF1222 /* Models */ = {
			isa = PBXGroup;
			children = (
				09EF310B221CC0D100DF1222 /* UserProfile.swift */,
			);
			path = Models;
			sourceTree = "<group>";
		};
		223F4D49F24E9786B8901A33 /* Pods */ = {
			isa = PBXGroup;
			children = (
				E1A69BC771D53E3CF8C286EB /* Pods-AirbnbClone.debug.xcconfig */,
				0B5D868780AB656433F7272A /* Pods-AirbnbClone.release.xcconfig */,
			);
			path = Pods;
			sourceTree = "<group>";
		};
		CB580248D9AE12154100F734 /* Frameworks */ = {
			isa = PBXGroup;
			children = (
				F7DE3FDE432537BF5C642CD2 /* Pods_AirbnbClone.framework */,
			);
			name = Frameworks;
			sourceTree = "<group>";
		};
/* End PBXGroup section */

/* Begin PBXNativeTarget section */
		0904E3C02217768D00B4066E /* AirbnbClone */ = {
			isa = PBXNativeTarget;
			buildConfigurationList = 0904E3D32217768E00B4066E /* Build configuration list for PBXNativeTarget "AirbnbClone" */;
			buildPhases = (
				193F0FF7806F813F9E2A5352 /* [CP] Check Pods Manifest.lock */,
				0904E3BD2217768D00B4066E /* Sources */,
				0904E3BE2217768D00B4066E /* Frameworks */,
				0904E3BF2217768D00B4066E /* Resources */,
				21E04BD8A41D6AF920382FD2 /* [CP] Embed Pods Frameworks */,
				30C9E0EAAA2711D60673A3A5 /* [CP] Copy Pods Resources */,
			);
			buildRules = (
			);
			dependencies = (
			);
			name = AirbnbClone;
			productName = AirbnbClone;
			productReference = 0904E3C12217768D00B4066E /* AirbnbClone.app */;
			productType = "com.apple.product-type.application";
		};
/* End PBXNativeTarget section */

/* Begin PBXProject section */
		0904E3B92217768D00B4066E /* Project object */ = {
			isa = PBXProject;
			attributes = {
				LastSwiftUpdateCheck = 1010;
				LastUpgradeCheck = 1010;
				ORGANIZATIONNAME = "Oniel Rosario";
				TargetAttributes = {
					0904E3C02217768D00B4066E = {
						CreatedOnToolsVersion = 10.1;
						SystemCapabilities = {
							com.apple.Keychain = {
								enabled = 0;
							};
						};
					};
				};
			};
			buildConfigurationList = 0904E3BC2217768D00B4066E /* Build configuration list for PBXProject "AirbnbClone" */;
			compatibilityVersion = "Xcode 9.3";
			developmentRegion = en;
			hasScannedForEncodings = 0;
			knownRegions = (
				en,
				Base,
			);
			mainGroup = 0904E3B82217768D00B4066E;
			productRefGroup = 0904E3C22217768D00B4066E /* Products */;
			projectDirPath = "";
			projectRoot = "";
			targets = (
				0904E3C02217768D00B4066E /* AirbnbClone */,
			);
		};
/* End PBXProject section */

/* Begin PBXResourcesBuildPhase section */
		0904E3BF2217768D00B4066E /* Resources */ = {
			isa = PBXResourcesBuildPhase;
			buildActionMask = 2147483647;
			files = (
				0904E3CF2217768E00B4066E /* LaunchScreen.storyboard in Resources */,
				0904E3D7221777DF00B4066E /* GoogleService-Info.plist in Resources */,
				0904E3CC2217768E00B4066E /* Assets.xcassets in Resources */,
				09EF30FE221CB6F200DF1222 /* Login.storyboard in Resources */,
				0904E3CA2217768D00B4066E /* Main.storyboard in Resources */,
			);
			runOnlyForDeploymentPostprocessing = 0;
		};
/* End PBXResourcesBuildPhase section */

/* Begin PBXShellScriptBuildPhase section */
		193F0FF7806F813F9E2A5352 /* [CP] Check Pods Manifest.lock */ = {
			isa = PBXShellScriptBuildPhase;
			buildActionMask = 2147483647;
			files = (
			);
			inputFileListPaths = (
			);
			inputPaths = (
				"${PODS_PODFILE_DIR_PATH}/Podfile.lock",
				"${PODS_ROOT}/Manifest.lock",
			);
			name = "[CP] Check Pods Manifest.lock";
			outputFileListPaths = (
			);
			outputPaths = (
				"$(DERIVED_FILE_DIR)/Pods-AirbnbClone-checkManifestLockResult.txt",
			);
			runOnlyForDeploymentPostprocessing = 0;
			shellPath = /bin/sh;
			shellScript = "diff \"${PODS_PODFILE_DIR_PATH}/Podfile.lock\" \"${PODS_ROOT}/Manifest.lock\" > /dev/null\nif [ $? != 0 ] ; then\n    # print error to STDERR\n    echo \"error: The sandbox is not in sync with the Podfile.lock. Run 'pod install' or update your CocoaPods installation.\" >&2\n    exit 1\nfi\n# This output is used by Xcode 'outputs' to avoid re-running this script phase.\necho \"SUCCESS\" > \"${SCRIPT_OUTPUT_FILE_0}\"\n";
			showEnvVarsInLog = 0;
		};
		21E04BD8A41D6AF920382FD2 /* [CP] Embed Pods Frameworks */ = {
			isa = PBXShellScriptBuildPhase;
			buildActionMask = 2147483647;
			files = (
			);
			inputFileListPaths = (
			);
			inputPaths = (
				"${PODS_ROOT}/Target Support Files/Pods-AirbnbClone/Pods-AirbnbClone-frameworks.sh",
				"${BUILT_PRODUCTS_DIR}/BoringSSL/openssl.framework",
				"${BUILT_PRODUCTS_DIR}/GTMSessionFetcher/GTMSessionFetcher.framework",
				"${BUILT_PRODUCTS_DIR}/GoogleUtilities/GoogleUtilities.framework",
				"${BUILT_PRODUCTS_DIR}/JTAppleCalendar/JTAppleCalendar.framework",
				"${BUILT_PRODUCTS_DIR}/Protobuf/Protobuf.framework",
				"${BUILT_PRODUCTS_DIR}/SwiftRangeSlider/SwiftRangeSlider.framework",
				"${BUILT_PRODUCTS_DIR}/gRPC-C++/grpcpp.framework",
				"${BUILT_PRODUCTS_DIR}/gRPC-Core/grpc.framework",
				"${BUILT_PRODUCTS_DIR}/leveldb-library/leveldb.framework",
				"${BUILT_PRODUCTS_DIR}/nanopb/nanopb.framework",
			);
			name = "[CP] Embed Pods Frameworks";
			outputFileListPaths = (
			);
			outputPaths = (
				"${TARGET_BUILD_DIR}/${FRAMEWORKS_FOLDER_PATH}/openssl.framework",
				"${TARGET_BUILD_DIR}/${FRAMEWORKS_FOLDER_PATH}/GTMSessionFetcher.framework",
				"${TARGET_BUILD_DIR}/${FRAMEWORKS_FOLDER_PATH}/GoogleUtilities.framework",
				"${TARGET_BUILD_DIR}/${FRAMEWORKS_FOLDER_PATH}/JTAppleCalendar.framework",
				"${TARGET_BUILD_DIR}/${FRAMEWORKS_FOLDER_PATH}/Protobuf.framework",
				"${TARGET_BUILD_DIR}/${FRAMEWORKS_FOLDER_PATH}/SwiftRangeSlider.framework",
				"${TARGET_BUILD_DIR}/${FRAMEWORKS_FOLDER_PATH}/grpcpp.framework",
				"${TARGET_BUILD_DIR}/${FRAMEWORKS_FOLDER_PATH}/grpc.framework",
				"${TARGET_BUILD_DIR}/${FRAMEWORKS_FOLDER_PATH}/leveldb.framework",
				"${TARGET_BUILD_DIR}/${FRAMEWORKS_FOLDER_PATH}/nanopb.framework",
			);
			runOnlyForDeploymentPostprocessing = 0;
			shellPath = /bin/sh;
			shellScript = "\"${PODS_ROOT}/Target Support Files/Pods-AirbnbClone/Pods-AirbnbClone-frameworks.sh\"\n";
			showEnvVarsInLog = 0;
		};
		30C9E0EAAA2711D60673A3A5 /* [CP] Copy Pods Resources */ = {
			isa = PBXShellScriptBuildPhase;
			buildActionMask = 2147483647;
			files = (
			);
			inputFileListPaths = (
			);
			inputPaths = (
				"${PODS_ROOT}/Target Support Files/Pods-AirbnbClone/Pods-AirbnbClone-resources.sh",
				"${PODS_CONFIGURATION_BUILD_DIR}/FirebaseFirestore/gRPCCertificates-Firestore.bundle",
			);
			name = "[CP] Copy Pods Resources";
			outputFileListPaths = (
			);
			outputPaths = (
				"${TARGET_BUILD_DIR}/${UNLOCALIZED_RESOURCES_FOLDER_PATH}/gRPCCertificates-Firestore.bundle",
			);
			runOnlyForDeploymentPostprocessing = 0;
			shellPath = /bin/sh;
			shellScript = "\"${PODS_ROOT}/Target Support Files/Pods-AirbnbClone/Pods-AirbnbClone-resources.sh\"\n";
			showEnvVarsInLog = 0;
		};
/* End PBXShellScriptBuildPhase section */

/* Begin PBXSourcesBuildPhase section */
		0904E3BD2217768D00B4066E /* Sources */ = {
			isa = PBXSourcesBuildPhase;
			buildActionMask = 2147483647;
			files = (
				095EAF562227043B008A3AB9 /* IBDesignableViews.swift in Sources */,
				0944D17E2221F8E200C99455 /* StorageManager.swift in Sources */,
				093277942218CA8600C95503 /* SavedViewController.swift in Sources */,
				0932779C2218F33C00C95503 /* UIViewController+Alerts.swift in Sources */,
				0944D1822221FF0000C99455 /* MainTabController.swift in Sources */,
				0904E3C72217768D00B4066E /* SearchViewController.swift in Sources */,
				09EF30F6221CA26E00DF1222 /* ProfileTableViewCell.swift in Sources */,
				09A11ACE221A6B8200D1606B /* UIColor+Extension.swift in Sources */,
				093277962218CA9300C95503 /* ProfileViewController.swift in Sources */,
				09EF3107221CC00500DF1222 /* DatabaseManager.swift in Sources */,
				095EAF5822270DEE008A3AB9 /* NewPostController.swift in Sources */,
				09EF3102221CBAF700DF1222 /* LoginView.swift in Sources */,
				09EF310C221CC0D100DF1222 /* UserProfile.swift in Sources */,
				093277992218CE1B00C95503 /* ActivityViewController.swift in Sources */,
				09EF3109221CC04B00DF1222 /* DatabaseKeys.swift in Sources */,
				095EAF5C22272583008A3AB9 /* LocationViewController.swift in Sources */,
				09B073E22219C85A002947C6 /* CalendarViewController.swift in Sources */,
				0904E3C52217768D00B4066E /* AppDelegate.swift in Sources */,
				098CA1202223650800BCCFCF /* gradients.swift in Sources */,
				09B073E62219DDFD002947C6 /* CalendarCell.swift in Sources */,
				0944D1802221F8FD00C99455 /* StorageKeys.swift in Sources */,
				095EAF5A222720B1008A3AB9 /* DescriptionController.swift in Sources */,
				09EF3105221CBFD000DF1222 /* UserSession.swift in Sources */,
				09EF3100221CB98500DF1222 /* LoginViewController.swift in Sources */,
			);
			runOnlyForDeploymentPostprocessing = 0;
		};
/* End PBXSourcesBuildPhase section */

/* Begin PBXVariantGroup section */
		0904E3C82217768D00B4066E /* Main.storyboard */ = {
			isa = PBXVariantGroup;
			children = (
				0904E3C92217768D00B4066E /* Base */,
			);
			name = Main.storyboard;
			sourceTree = "<group>";
		};
		0904E3CD2217768E00B4066E /* LaunchScreen.storyboard */ = {
			isa = PBXVariantGroup;
			children = (
				0904E3CE2217768E00B4066E /* Base */,
			);
			name = LaunchScreen.storyboard;
			sourceTree = "<group>";
		};
/* End PBXVariantGroup section */

/* Begin XCBuildConfiguration section */
		0904E3D12217768E00B4066E /* Debug */ = {
			isa = XCBuildConfiguration;
			buildSettings = {
				ALWAYS_SEARCH_USER_PATHS = NO;
				CLANG_ANALYZER_NONNULL = YES;
				CLANG_ANALYZER_NUMBER_OBJECT_CONVERSION = YES_AGGRESSIVE;
				CLANG_CXX_LANGUAGE_STANDARD = "gnu++14";
				CLANG_CXX_LIBRARY = "libc++";
				CLANG_ENABLE_MODULES = YES;
				CLANG_ENABLE_OBJC_ARC = YES;
				CLANG_ENABLE_OBJC_WEAK = YES;
				CLANG_WARN_BLOCK_CAPTURE_AUTORELEASING = YES;
				CLANG_WARN_BOOL_CONVERSION = YES;
				CLANG_WARN_COMMA = YES;
				CLANG_WARN_CONSTANT_CONVERSION = YES;
				CLANG_WARN_DEPRECATED_OBJC_IMPLEMENTATIONS = YES;
				CLANG_WARN_DIRECT_OBJC_ISA_USAGE = YES_ERROR;
				CLANG_WARN_DOCUMENTATION_COMMENTS = YES;
				CLANG_WARN_EMPTY_BODY = YES;
				CLANG_WARN_ENUM_CONVERSION = YES;
				CLANG_WARN_INFINITE_RECURSION = YES;
				CLANG_WARN_INT_CONVERSION = YES;
				CLANG_WARN_NON_LITERAL_NULL_CONVERSION = YES;
				CLANG_WARN_OBJC_IMPLICIT_RETAIN_SELF = YES;
				CLANG_WARN_OBJC_LITERAL_CONVERSION = YES;
				CLANG_WARN_OBJC_ROOT_CLASS = YES_ERROR;
				CLANG_WARN_RANGE_LOOP_ANALYSIS = YES;
				CLANG_WARN_STRICT_PROTOTYPES = YES;
				CLANG_WARN_SUSPICIOUS_MOVE = YES;
				CLANG_WARN_UNGUARDED_AVAILABILITY = YES_AGGRESSIVE;
				CLANG_WARN_UNREACHABLE_CODE = YES;
				CLANG_WARN__DUPLICATE_METHOD_MATCH = YES;
				CODE_SIGN_IDENTITY = "iPhone Developer";
				COPY_PHASE_STRIP = NO;
				DEBUG_INFORMATION_FORMAT = dwarf;
				ENABLE_STRICT_OBJC_MSGSEND = YES;
				ENABLE_TESTABILITY = YES;
				GCC_C_LANGUAGE_STANDARD = gnu11;
				GCC_DYNAMIC_NO_PIC = NO;
				GCC_NO_COMMON_BLOCKS = YES;
				GCC_OPTIMIZATION_LEVEL = 0;
				GCC_PREPROCESSOR_DEFINITIONS = (
					"DEBUG=1",
					"$(inherited)",
				);
				GCC_WARN_64_TO_32_BIT_CONVERSION = YES;
				GCC_WARN_ABOUT_RETURN_TYPE = YES_ERROR;
				GCC_WARN_UNDECLARED_SELECTOR = YES;
				GCC_WARN_UNINITIALIZED_AUTOS = YES_AGGRESSIVE;
				GCC_WARN_UNUSED_FUNCTION = YES;
				GCC_WARN_UNUSED_VARIABLE = YES;
				IPHONEOS_DEPLOYMENT_TARGET = 12.1;
				MTL_ENABLE_DEBUG_INFO = INCLUDE_SOURCE;
				MTL_FAST_MATH = YES;
				ONLY_ACTIVE_ARCH = YES;
				SDKROOT = iphoneos;
				SWIFT_ACTIVE_COMPILATION_CONDITIONS = DEBUG;
				SWIFT_OPTIMIZATION_LEVEL = "-Onone";
			};
			name = Debug;
		};
		0904E3D22217768E00B4066E /* Release */ = {
			isa = XCBuildConfiguration;
			buildSettings = {
				ALWAYS_SEARCH_USER_PATHS = NO;
				CLANG_ANALYZER_NONNULL = YES;
				CLANG_ANALYZER_NUMBER_OBJECT_CONVERSION = YES_AGGRESSIVE;
				CLANG_CXX_LANGUAGE_STANDARD = "gnu++14";
				CLANG_CXX_LIBRARY = "libc++";
				CLANG_ENABLE_MODULES = YES;
				CLANG_ENABLE_OBJC_ARC = YES;
				CLANG_ENABLE_OBJC_WEAK = YES;
				CLANG_WARN_BLOCK_CAPTURE_AUTORELEASING = YES;
				CLANG_WARN_BOOL_CONVERSION = YES;
				CLANG_WARN_COMMA = YES;
				CLANG_WARN_CONSTANT_CONVERSION = YES;
				CLANG_WARN_DEPRECATED_OBJC_IMPLEMENTATIONS = YES;
				CLANG_WARN_DIRECT_OBJC_ISA_USAGE = YES_ERROR;
				CLANG_WARN_DOCUMENTATION_COMMENTS = YES;
				CLANG_WARN_EMPTY_BODY = YES;
				CLANG_WARN_ENUM_CONVERSION = YES;
				CLANG_WARN_INFINITE_RECURSION = YES;
				CLANG_WARN_INT_CONVERSION = YES;
				CLANG_WARN_NON_LITERAL_NULL_CONVERSION = YES;
				CLANG_WARN_OBJC_IMPLICIT_RETAIN_SELF = YES;
				CLANG_WARN_OBJC_LITERAL_CONVERSION = YES;
				CLANG_WARN_OBJC_ROOT_CLASS = YES_ERROR;
				CLANG_WARN_RANGE_LOOP_ANALYSIS = YES;
				CLANG_WARN_STRICT_PROTOTYPES = YES;
				CLANG_WARN_SUSPICIOUS_MOVE = YES;
				CLANG_WARN_UNGUARDED_AVAILABILITY = YES_AGGRESSIVE;
				CLANG_WARN_UNREACHABLE_CODE = YES;
				CLANG_WARN__DUPLICATE_METHOD_MATCH = YES;
				CODE_SIGN_IDENTITY = "iPhone Developer";
				COPY_PHASE_STRIP = NO;
				DEBUG_INFORMATION_FORMAT = "dwarf-with-dsym";
				ENABLE_NS_ASSERTIONS = NO;
				ENABLE_STRICT_OBJC_MSGSEND = YES;
				GCC_C_LANGUAGE_STANDARD = gnu11;
				GCC_NO_COMMON_BLOCKS = YES;
				GCC_WARN_64_TO_32_BIT_CONVERSION = YES;
				GCC_WARN_ABOUT_RETURN_TYPE = YES_ERROR;
				GCC_WARN_UNDECLARED_SELECTOR = YES;
				GCC_WARN_UNINITIALIZED_AUTOS = YES_AGGRESSIVE;
				GCC_WARN_UNUSED_FUNCTION = YES;
				GCC_WARN_UNUSED_VARIABLE = YES;
				IPHONEOS_DEPLOYMENT_TARGET = 12.1;
				MTL_ENABLE_DEBUG_INFO = NO;
				MTL_FAST_MATH = YES;
				SDKROOT = iphoneos;
				SWIFT_COMPILATION_MODE = wholemodule;
				SWIFT_OPTIMIZATION_LEVEL = "-O";
				VALIDATE_PRODUCT = YES;
			};
			name = Release;
		};
		0904E3D42217768E00B4066E /* Debug */ = {
			isa = XCBuildConfiguration;
			baseConfigurationReference = E1A69BC771D53E3CF8C286EB /* Pods-AirbnbClone.debug.xcconfig */;
			buildSettings = {
				ASSETCATALOG_COMPILER_APPICON_NAME = AppIcon;
				CODE_SIGN_STYLE = Automatic;
				DEVELOPMENT_TEAM = AVC7FB3M8N;
				INFOPLIST_FILE = AirbnbClone/Info.plist;
				LD_RUNPATH_SEARCH_PATHS = (
					"$(inherited)",
					"@executable_path/Frameworks",
				);
				PRODUCT_BUNDLE_IDENTIFIER = typesAndVariables.AirbnbClone;
				PRODUCT_NAME = "$(TARGET_NAME)";
				SWIFT_VERSION = 4.2;
				TARGETED_DEVICE_FAMILY = "1,2";
			};
			name = Debug;
		};
		0904E3D52217768E00B4066E /* Release */ = {
			isa = XCBuildConfiguration;
			baseConfigurationReference = 0B5D868780AB656433F7272A /* Pods-AirbnbClone.release.xcconfig */;
			buildSettings = {
				ASSETCATALOG_COMPILER_APPICON_NAME = AppIcon;
				CODE_SIGN_STYLE = Automatic;
				DEVELOPMENT_TEAM = AVC7FB3M8N;
				INFOPLIST_FILE = AirbnbClone/Info.plist;
				LD_RUNPATH_SEARCH_PATHS = (
					"$(inherited)",
					"@executable_path/Frameworks",
				);
				PRODUCT_BUNDLE_IDENTIFIER = typesAndVariables.AirbnbClone;
				PRODUCT_NAME = "$(TARGET_NAME)";
				SWIFT_VERSION = 4.2;
				TARGETED_DEVICE_FAMILY = "1,2";
			};
			name = Release;
		};
/* End XCBuildConfiguration section */

/* Begin XCConfigurationList section */
		0904E3BC2217768D00B4066E /* Build configuration list for PBXProject "AirbnbClone" */ = {
			isa = XCConfigurationList;
			buildConfigurations = (
				0904E3D12217768E00B4066E /* Debug */,
				0904E3D22217768E00B4066E /* Release */,
			);
			defaultConfigurationIsVisible = 0;
			defaultConfigurationName = Release;
		};
		0904E3D32217768E00B4066E /* Build configuration list for PBXNativeTarget "AirbnbClone" */ = {
			isa = XCConfigurationList;
			buildConfigurations = (
				0904E3D42217768E00B4066E /* Debug */,
				0904E3D52217768E00B4066E /* Release */,
			);
			defaultConfigurationIsVisible = 0;
			defaultConfigurationName = Release;
		};
/* End XCConfigurationList section */
	};
	rootObject = 0904E3B92217768D00B4066E /* Project object */;
}
